
Microsoft Visual Studio Solution File, Format Version 12.00
# Visual Studio Version 16
VisualStudioVersion = 16.0.28803.352
MinimumVisualStudioVersion = 10.0.40219.1
Project("{FAE04EC0-301F-11D3-BF4B-00C04F79EFBC}") = "KleinMessage", "KleinMessage\KleinMessage.csproj", "{60D24109-BBFB-41D6-8783-39AC3C8E9131}"
EndProject
Project("{FAE04EC0-301F-11D3-BF4B-00C04F79EFBC}") = "KleinDataAPI", "KleinDataAPI\KleinDataAPI.csproj", "{A36BC838-0D8C-42E3-BD08-8550391E5594}"
EndProject
Project("{FAE04EC0-301F-11D3-BF4B-00C04F79EFBC}") = "KleinAppDataManager.Library", "KleinAppDataManager.Library\KleinAppDataManager.Library.csproj", "{937EC321-3C82-4956-BF7D-0F903819A51E}"
EndProject
Project("{FAE04EC0-301F-11D3-BF4B-00C04F79EFBC}") = "KleinAppDesktopUI.Library", "KleinAppDesktopUI.Library\KleinAppDesktopUI.Library.csproj", "{CFA3FA0A-D047-4BE6-A8DF-ED3CCCF0F2D7}"
EndProject
Project("{00D1A9C2-B5F0-4AF3-8072-F6C62B433612}") = "KleinAppData", "KleinAppData\KleinAppData.sqlproj", "{22E97F3F-1B96-4477-99ED-5E27F8BF4AB1}"
EndProject
Global
	GlobalSection(SolutionConfigurationPlatforms) = preSolution
		Debug|Any CPU = Debug|Any CPU
		Release|Any CPU = Release|Any CPU
	EndGlobalSection
	GlobalSection(ProjectConfigurationPlatforms) = postSolution
		{60D24109-BBFB-41D6-8783-39AC3C8E9131}.Debug|Any CPU.ActiveCfg = Debug|Any CPU
		{60D24109-BBFB-41D6-8783-39AC3C8E9131}.Debug|Any CPU.Build.0 = Debug|Any CPU
		{60D24109-BBFB-41D6-8783-39AC3C8E9131}.Release|Any CPU.ActiveCfg = Release|Any CPU
		{60D24109-BBFB-41D6-8783-39AC3C8E9131}.Release|Any CPU.Build.0 = Release|Any CPU
		{A36BC838-0D8C-42E3-BD08-8550391E5594}.Debug|Any CPU.ActiveCfg = Debug|Any CPU
		{A36BC838-0D8C-42E3-BD08-8550391E5594}.Debug|Any CPU.Build.0 = Debug|Any CPU
		{A36BC838-0D8C-42E3-BD08-8550391E5594}.Release|Any CPU.ActiveCfg = Release|Any CPU
		{A36BC838-0D8C-42E3-BD08-8550391E5594}.Release|Any CPU.Build.0 = Release|Any CPU
		{937EC321-3C82-4956-BF7D-0F903819A51E}.Debug|Any CPU.ActiveCfg = Debug|Any CPU
		{937EC321-3C82-4956-BF7D-0F903819A51E}.Debug|Any CPU.Build.0 = Debug|Any CPU
		{937EC321-3C82-4956-BF7D-0F903819A51E}.Release|Any CPU.ActiveCfg = Release|Any CPU
		{937EC321-3C82-4956-BF7D-0F903819A51E}.Release|Any CPU.Build.0 = Release|Any CPU
		{CFA3FA0A-D047-4BE6-A8DF-ED3CCCF0F2D7}.Debug|Any CPU.ActiveCfg = Debug|Any CPU
		{CFA3FA0A-D047-4BE6-A8DF-ED3CCCF0F2D7}.Debug|Any CPU.Build.0 = Debug|Any CPU
		{CFA3FA0A-D047-4BE6-A8DF-ED3CCCF0F2D7}.Release|Any CPU.ActiveCfg = Release|Any CPU
		{CFA3FA0A-D047-4BE6-A8DF-ED3CCCF0F2D7}.Release|Any CPU.Build.0 = Release|Any CPU
		{22E97F3F-1B96-4477-99ED-5E27F8BF4AB1}.Debug|Any CPU.ActiveCfg = Debug|Any CPU
		{22E97F3F-1B96-4477-99ED-5E27F8BF4AB1}.Debug|Any CPU.Build.0 = Debug|Any CPU
		{22E97F3F-1B96-4477-99ED-5E27F8BF4AB1}.Debug|Any CPU.Deploy.0 = Debug|Any CPU
		{22E97F3F-1B96-4477-99ED-5E27F8BF4AB1}.Release|Any CPU.ActiveCfg = Release|Any CPU
		{22E97F3F-1B96-4477-99ED-5E27F8BF4AB1}.Release|Any CPU.Build.0 = Release|Any CPU
		{22E97F3F-1B96-4477-99ED-5E27F8BF4AB1}.Release|Any CPU.Deploy.0 = Release|Any CPU
	EndGlobalSection
	GlobalSection(SolutionProperties) = preSolution
		HideSolutionNode = FALSE
	EndGlobalSection
	GlobalSection(ExtensibilityGlobals) = postSolution
		SolutionGuid = {CD8F3E97-39D5-458F-AE95-BE8AA0535DB6}
	EndGlobalSection
EndGlobal
